
Microsoft Visual Studio Solution File, Format Version 12.00
# Visual Studio Version 17
VisualStudioVersion = 17.7.34024.191
MinimumVisualStudioVersion = 10.0.40219.1
Project("{9A19103F-16F7-4668-BE54-9A1E7A4F7556}") = "Verlet-CSharp", "VerletSFML-CSharp\Verlet-CSharp.csproj", "{EEEC5A2C-E81A-4915-B218-7F924EC399F3}"
EndProject
Global
	GlobalSection(SolutionConfigurationPlatforms) = preSolution
		Debug|Any CPU = Debug|Any CPU
		Release|Any CPU = Release|Any CPU
	EndGlobalSection
	GlobalSection(ProjectConfigurationPlatforms) = postSolution
		{EEEC5A2C-E81A-4915-B218-7F924EC399F3}.Debug|Any CPU.ActiveCfg = Debug|Any CPU
		{EEEC5A2C-E81A-4915-B218-7F924EC399F3}.Debug|Any CPU.Build.0 = Debug|Any CPU
		{EEEC5A2C-E81A-4915-B218-7F924EC399F3}.Release|Any CPU.ActiveCfg = Release|Any CPU
		{EEEC5A2C-E81A-4915-B218-7F924EC399F3}.Release|Any CPU.Build.0 = Release|Any CPU
	EndGlobalSection
	GlobalSection(SolutionProperties) = preSolution
		HideSolutionNode = FALSE
	EndGlobalSection
	GlobalSection(ExtensibilityGlobals) = postSolution
		SolutionGuid = {A0615367-EC60-4439-A5EE-A99A0F029376}
	EndGlobalSection
EndGlobal
